// !$*UTF8*$!
{
	archiveVersion = 1;
	classes = {
	};
	objectVersion = 50;
	objects = {

/* Begin PBXBuildFile section */
		D643EDC02690A4D40086CC11 /* SwiftUIPaginationApp.swift in Sources */ = {isa = PBXBuildFile; fileRef = D643EDBF2690A4D40086CC11 /* SwiftUIPaginationApp.swift */; };
		D643EDC22690A4D40086CC11 /* ContentView.swift in Sources */ = {isa = PBXBuildFile; fileRef = D643EDC12690A4D40086CC11 /* ContentView.swift */; };
		D643EDC42690A4D50086CC11 /* Assets.xcassets in Resources */ = {isa = PBXBuildFile; fileRef = D643EDC32690A4D50086CC11 /* Assets.xcassets */; };
		D643EDC72690A4D50086CC11 /* Preview Assets.xcassets in Resources */ = {isa = PBXBuildFile; fileRef = D643EDC62690A4D50086CC11 /* Preview Assets.xcassets */; };
		D643EDD22690A4D50086CC11 /* SwiftUIPaginationTests.swift in Sources */ = {isa = PBXBuildFile; fileRef = D643EDD12690A4D50086CC11 /* SwiftUIPaginationTests.swift */; };
		D643EDDD2690A4D50086CC11 /* SwiftUIPaginationUITests.swift in Sources */ = {isa = PBXBuildFile; fileRef = D643EDDC2690A4D50086CC11 /* SwiftUIPaginationUITests.swift */; };
/* End PBXBuildFile section */

/* Begin PBXContainerItemProxy section */
		D643EDCE2690A4D50086CC11 /* PBXContainerItemProxy */ = {
			isa = PBXContainerItemProxy;
			containerPortal = D643EDB42690A4D30086CC11 /* Project object */;
			proxyType = 1;
			remoteGlobalIDString = D643EDBB2690A4D30086CC11;
			remoteInfo = SwiftUIPagination;
		};
		D643EDD92690A4D50086CC11 /* PBXContainerItemProxy */ = {
			isa = PBXContainerItemProxy;
			containerPortal = D643EDB42690A4D30086CC11 /* Project object */;
			proxyType = 1;
			remoteGlobalIDString = D643EDBB2690A4D30086CC11;
			remoteInfo = SwiftUIPagination;
		};
/* End PBXContainerItemProxy section */

/* Begin PBXFileReference section */
		D643EDBC2690A4D40086CC11 /* SwiftUIPagination.app */ = {isa = PBXFileReference; explicitFileType = wrapper.application; includeInIndex = 0; path = SwiftUIPagination.app; sourceTree = BUILT_PRODUCTS_DIR; };
		D643EDBF2690A4D40086CC11 /* SwiftUIPaginationApp.swift */ = {isa = PBXFileReference; lastKnownFileType = sourcecode.swift; path = SwiftUIPaginationApp.swift; sourceTree = "<group>"; };
		D643EDC12690A4D40086CC11 /* ContentView.swift */ = {isa = PBXFileReference; lastKnownFileType = sourcecode.swift; path = ContentView.swift; sourceTree = "<group>"; };
		D643EDC32690A4D50086CC11 /* Assets.xcassets */ = {isa = PBXFileReference; lastKnownFileType = folder.assetcatalog; path = Assets.xcassets; sourceTree = "<group>"; };
		D643EDC62690A4D50086CC11 /* Preview Assets.xcassets */ = {isa = PBXFileReference; lastKnownFileType = folder.assetcatalog; path = "Preview Assets.xcassets"; sourceTree = "<group>"; };
		D643EDC82690A4D50086CC11 /* Info.plist */ = {isa = PBXFileReference; lastKnownFileType = text.plist.xml; path = Info.plist; sourceTree = "<group>"; };
		D643EDCD2690A4D50086CC11 /* SwiftUIPaginationTests.xctest */ = {isa = PBXFileReference; explicitFileType = wrapper.cfbundle; includeInIndex = 0; path = SwiftUIPaginationTests.xctest; sourceTree = BUILT_PRODUCTS_DIR; };
		D643EDD12690A4D50086CC11 /* SwiftUIPaginationTests.swift */ = {isa = PBXFileReference; lastKnownFileType = sourcecode.swift; path = SwiftUIPaginationTests.swift; sourceTree = "<group>"; };
		D643EDD32690A4D50086CC11 /* Info.plist */ = {isa = PBXFileReference; lastKnownFileType = text.plist.xml; path = Info.plist; sourceTree = "<group>"; };
		D643EDD82690A4D50086CC11 /* SwiftUIPaginationUITests.xctest */ = {isa = PBXFileReference; explicitFileType = wrapper.cfbundle; includeInIndex = 0; path = SwiftUIPaginationUITests.xctest; sourceTree = BUILT_PRODUCTS_DIR; };
		D643EDDC2690A4D50086CC11 /* SwiftUIPaginationUITests.swift */ = {isa = PBXFileReference; lastKnownFileType = sourcecode.swift; path = SwiftUIPaginationUITests.swift; sourceTree = "<group>"; };
		D643EDDE2690A4D50086CC11 /* Info.plist */ = {isa = PBXFileReference; lastKnownFileType = text.plist.xml; path = Info.plist; sourceTree = "<group>"; };
/* End PBXFileReference section */

/* Begin PBXFrameworksBuildPhase section */
		D643EDB92690A4D30086CC11 /* Frameworks */ = {
			isa = PBXFrameworksBuildPhase;
			buildActionMask = 2147483647;
			files = (
			);
			runOnlyForDeploymentPostprocessing = 0;
		};
		D643EDCA2690A4D50086CC11 /* Frameworks */ = {
			isa = PBXFrameworksBuildPhase;
			buildActionMask = 2147483647;
			files = (
			);
			runOnlyForDeploymentPostprocessing = 0;
		};
		D643EDD52690A4D50086CC11 /* Frameworks */ = {
			isa = PBXFrameworksBuildPhase;
			buildActionMask = 2147483647;
			files = (
			);
			runOnlyForDeploymentPostprocessing = 0;
		};
/* End PBXFrameworksBuildPhase section */

/* Begin PBXGroup section */
		D643EDB32690A4D30086CC11 = {
			isa = PBXGroup;
			children = (
				D643EDBE2690A4D40086CC11 /* SwiftUIPagination */,
				D643EDD02690A4D50086CC11 /* SwiftUIPaginationTests */,
				D643EDDB2690A4D50086CC11 /* SwiftUIPaginationUITests */,
				D643EDBD2690A4D40086CC11 /* Products */,
			);
			sourceTree = "<group>";
		};
		D643EDBD2690A4D40086CC11 /* Products */ = {
			isa = PBXGroup;
			children = (
				D643EDBC2690A4D40086CC11 /* SwiftUIPagination.app */,
				D643EDCD2690A4D50086CC11 /* SwiftUIPaginationTests.xctest */,
				D643EDD82690A4D50086CC11 /* SwiftUIPaginationUITests.xctest */,
			);
			name = Products;
			sourceTree = "<group>";
		};
		D643EDBE2690A4D40086CC11 /* SwiftUIPagination */ = {
			isa = PBXGroup;
			children = (
				D643EDBF2690A4D40086CC11 /* SwiftUIPaginationApp.swift */,
				D643EDC12690A4D40086CC11 /* ContentView.swift */,
				D643EDC32690A4D50086CC11 /* Assets.xcassets */,
				D643EDC82690A4D50086CC11 /* Info.plist */,
				D643EDC52690A4D50086CC11 /* Preview Content */,
			);
			path = SwiftUIPagination;
			sourceTree = "<group>";
		};
		D643EDC52690A4D50086CC11 /* Preview Content */ = {
			isa = PBXGroup;
			children = (
				D643EDC62690A4D50086CC11 /* Preview Assets.xcassets */,
			);
			path = "Preview Content";
			sourceTree = "<group>";
		};
		D643EDD02690A4D50086CC11 /* SwiftUIPaginationTests */ = {
			isa = PBXGroup;
			children = (
				D643EDD12690A4D50086CC11 /* SwiftUIPaginationTests.swift */,
				D643EDD32690A4D50086CC11 /* Info.plist */,
			);
			path = SwiftUIPaginationTests;
			sourceTree = "<group>";
		};
		D643EDDB2690A4D50086CC11 /* SwiftUIPaginationUITests */ = {
			isa = PBXGroup;
			children = (
				D643EDDC2690A4D50086CC11 /* SwiftUIPaginationUITests.swift */,
				D643EDDE2690A4D50086CC11 /* Info.plist */,
			);
			path = SwiftUIPaginationUITests;
			sourceTree = "<group>";
		};
/* End PBXGroup section */

/* Begin PBXNativeTarget section */
		D643EDBB2690A4D30086CC11 /* SwiftUIPagination */ = {
			isa = PBXNativeTarget;
			buildConfigurationList = D643EDE12690A4D50086CC11 /* Build configuration list for PBXNativeTarget "SwiftUIPagination" */;
			buildPhases = (
				D643EDB82690A4D30086CC11 /* Sources */,
				D643EDB92690A4D30086CC11 /* Frameworks */,
				D643EDBA2690A4D30086CC11 /* Resources */,
			);
			buildRules = (
			);
			dependencies = (
			);
			name = SwiftUIPagination;
			productName = SwiftUIPagination;
			productReference = D643EDBC2690A4D40086CC11 /* SwiftUIPagination.app */;
			productType = "com.apple.product-type.application";
		};
		D643EDCC2690A4D50086CC11 /* SwiftUIPaginationTests */ = {
			isa = PBXNativeTarget;
			buildConfigurationList = D643EDE42690A4D50086CC11 /* Build configuration list for PBXNativeTarget "SwiftUIPaginationTests" */;
			buildPhases = (
				D643EDC92690A4D50086CC11 /* Sources */,
				D643EDCA2690A4D50086CC11 /* Frameworks */,
				D643EDCB2690A4D50086CC11 /* Resources */,
			);
			buildRules = (
			);
			dependencies = (
				D643EDCF2690A4D50086CC11 /* PBXTargetDependency */,
			);
			name = SwiftUIPaginationTests;
			productName = SwiftUIPaginationTests;
			productReference = D643EDCD2690A4D50086CC11 /* SwiftUIPaginationTests.xctest */;
			productType = "com.apple.product-type.bundle.unit-test";
		};
		D643EDD72690A4D50086CC11 /* SwiftUIPaginationUITests */ = {
			isa = PBXNativeTarget;
			buildConfigurationList = D643EDE72690A4D50086CC11 /* Build configuration list for PBXNativeTarget "SwiftUIPaginationUITests" */;
			buildPhases = (
				D643EDD42690A4D50086CC11 /* Sources */,
				D643EDD52690A4D50086CC11 /* Frameworks */,
				D643EDD62690A4D50086CC11 /* Resources */,
			);
			buildRules = (
			);
			dependencies = (
				D643EDDA2690A4D50086CC11 /* PBXTargetDependency */,
			);
			name = SwiftUIPaginationUITests;
			productName = SwiftUIPaginationUITests;
			productReference = D643EDD82690A4D50086CC11 /* SwiftUIPaginationUITests.xctest */;
			productType = "com.apple.product-type.bundle.ui-testing";
		};
/* End PBXNativeTarget section */

/* Begin PBXProject section */
		D643EDB42690A4D30086CC11 /* Project object */ = {
			isa = PBXProject;
			attributes = {
				LastSwiftUpdateCheck = 1240;
				LastUpgradeCheck = 1240;
				TargetAttributes = {
					D643EDBB2690A4D30086CC11 = {
						CreatedOnToolsVersion = 12.4;
					};
					D643EDCC2690A4D50086CC11 = {
						CreatedOnToolsVersion = 12.4;
						TestTargetID = D643EDBB2690A4D30086CC11;
					};
					D643EDD72690A4D50086CC11 = {
						CreatedOnToolsVersion = 12.4;
						TestTargetID = D643EDBB2690A4D30086CC11;
					};
				};
			};
			buildConfigurationList = D643EDB72690A4D30086CC11 /* Build configuration list for PBXProject "SwiftUIPagination" */;
			compatibilityVersion = "Xcode 9.3";
			developmentRegion = en;
			hasScannedForEncodings = 0;
			knownRegions = (
				en,
				Base,
			);
			mainGroup = D643EDB32690A4D30086CC11;
			productRefGroup = D643EDBD2690A4D40086CC11 /* Products */;
			projectDirPath = "";
			projectRoot = "";
			targets = (
				D643EDBB2690A4D30086CC11 /* SwiftUIPagination */,
				D643EDCC2690A4D50086CC11 /* SwiftUIPaginationTests */,
				D643EDD72690A4D50086CC11 /* SwiftUIPaginationUITests */,
			);
		};
/* End PBXProject section */

/* Begin PBXResourcesBuildPhase section */
		D643EDBA2690A4D30086CC11 /* Resources */ = {
			isa = PBXResourcesBuildPhase;
			buildActionMask = 2147483647;
			files = (
				D643EDC72690A4D50086CC11 /* Preview Assets.xcassets in Resources */,
				D643EDC42690A4D50086CC11 /* Assets.xcassets in Resources */,
			);
			runOnlyForDeploymentPostprocessing = 0;
		};
		D643EDCB2690A4D50086CC11 /* Resources */ = {
			isa = PBXResourcesBuildPhase;
			buildActionMask = 2147483647;
			files = (
			);
			runOnlyForDeploymentPostprocessing = 0;
		};
		D643EDD62690A4D50086CC11 /* Resources */ = {
			isa = PBXResourcesBuildPhase;
			buildActionMask = 2147483647;
			files = (
			);
			runOnlyForDeploymentPostprocessing = 0;
		};
/* End PBXResourcesBuildPhase section */

/* Begin PBXSourcesBuildPhase section */
		D643EDB82690A4D30086CC11 /* Sources */ = {
			isa = PBXSourcesBuildPhase;
			buildActionMask = 2147483647;
			files = (
				D643EDC22690A4D40086CC11 /* ContentView.swift in Sources */,
				D643EDC02690A4D40086CC11 /* SwiftUIPaginationApp.swift in Sources */,
			);
			runOnlyForDeploymentPostprocessing = 0;
		};
		D643EDC92690A4D50086CC11 /* Sources */ = {
			isa = PBXSourcesBuildPhase;
			buildActionMask = 2147483647;
			files = (
				D643EDD22690A4D50086CC11 /* SwiftUIPaginationTests.swift in Sources */,
			);
			runOnlyForDeploymentPostprocessing = 0;
		};
		D643EDD42690A4D50086CC11 /* Sources */ = {
			isa = PBXSourcesBuildPhase;
			buildActionMask = 2147483647;
			files = (
				D643EDDD2690A4D50086CC11 /* SwiftUIPaginationUITests.swift in Sources */,
			);
			runOnlyForDeploymentPostprocessing = 0;
		};
/* End PBXSourcesBuildPhase section */

/* Begin PBXTargetDependency section */
		D643EDCF2690A4D50086CC11 /* PBXTargetDependency */ = {
			isa = PBXTargetDependency;
			target = D643EDBB2690A4D30086CC11 /* SwiftUIPagination */;
			targetProxy = D643EDCE2690A4D50086CC11 /* PBXContainerItemProxy */;
		};
		D643EDDA2690A4D50086CC11 /* PBXTargetDependency */ = {
			isa = PBXTargetDependency;
			target = D643EDBB2690A4D30086CC11 /* SwiftUIPagination */;
			targetProxy = D643EDD92690A4D50086CC11 /* PBXContainerItemProxy */;
		};
/* End PBXTargetDependency section */

/* Begin XCBuildConfiguration section */
		D643EDDF2690A4D50086CC11 /* Debug */ = {
			isa = XCBuildConfiguration;
			buildSettings = {
				ALWAYS_SEARCH_USER_PATHS = NO;
				CLANG_ANALYZER_NONNULL = YES;
				CLANG_ANALYZER_NUMBER_OBJECT_CONVERSION = YES_AGGRESSIVE;
				CLANG_CXX_LANGUAGE_STANDARD = "gnu++14";
				CLANG_CXX_LIBRARY = "libc++";
				CLANG_ENABLE_MODULES = YES;
				CLANG_ENABLE_OBJC_ARC = YES;
				CLANG_ENABLE_OBJC_WEAK = YES;
				CLANG_WARN_BLOCK_CAPTURE_AUTORELEASING = YES;
				CLANG_WARN_BOOL_CONVERSION = YES;
				CLANG_WARN_COMMA = YES;
				CLANG_WARN_CONSTANT_CONVERSION = YES;
				CLANG_WARN_DEPRECATED_OBJC_IMPLEMENTATIONS = YES;
				CLANG_WARN_DIRECT_OBJC_ISA_USAGE = YES_ERROR;
				CLANG_WARN_DOCUMENTATION_COMMENTS = YES;
				CLANG_WARN_EMPTY_BODY = YES;
				CLANG_WARN_ENUM_CONVERSION = YES;
				CLANG_WARN_INFINITE_RECURSION = YES;
				CLANG_WARN_INT_CONVERSION = YES;
				CLANG_WARN_NON_LITERAL_NULL_CONVERSION = YES;
				CLANG_WARN_OBJC_IMPLICIT_RETAIN_SELF = YES;
				CLANG_WARN_OBJC_LITERAL_CONVERSION = YES;
				CLANG_WARN_OBJC_ROOT_CLASS = YES_ERROR;
				CLANG_WARN_QUOTED_INCLUDE_IN_FRAMEWORK_HEADER = YES;
				CLANG_WARN_RANGE_LOOP_ANALYSIS = YES;
				CLANG_WARN_STRICT_PROTOTYPES = YES;
				CLANG_WARN_SUSPICIOUS_MOVE = YES;
				CLANG_WARN_UNGUARDED_AVAILABILITY = YES_AGGRESSIVE;
				CLANG_WARN_UNREACHABLE_CODE = YES;
				CLANG_WARN__DUPLICATE_METHOD_MATCH = YES;
				COPY_PHASE_STRIP = NO;
				DEBUG_INFORMATION_FORMAT = dwarf;
				ENABLE_STRICT_OBJC_MSGSEND = YES;
				ENABLE_TESTABILITY = YES;
				GCC_C_LANGUAGE_STANDARD = gnu11;
				GCC_DYNAMIC_NO_PIC = NO;
				GCC_NO_COMMON_BLOCKS = YES;
				GCC_OPTIMIZATION_LEVEL = 0;
				GCC_PREPROCESSOR_DEFINITIONS = (
					"DEBUG=1",
					"$(inherited)",
				);
				GCC_WARN_64_TO_32_BIT_CONVERSION = YES;
				GCC_WARN_ABOUT_RETURN_TYPE = YES_ERROR;
				GCC_WARN_UNDECLARED_SELECTOR = YES;
				GCC_WARN_UNINITIALIZED_AUTOS = YES_AGGRESSIVE;
				GCC_WARN_UNUSED_FUNCTION = YES;
				GCC_WARN_UNUSED_VARIABLE = YES;
				IPHONEOS_DEPLOYMENT_TARGET = 14.4;
				MTL_ENABLE_DEBUG_INFO = INCLUDE_SOURCE;
				MTL_FAST_MATH = YES;
				ONLY_ACTIVE_ARCH = YES;
				SDKROOT = iphoneos;
				SWIFT_ACTIVE_COMPILATION_CONDITIONS = DEBUG;
				SWIFT_OPTIMIZATION_LEVEL = "-Onone";
			};
			name = Debug;
		};
		D643EDE02690A4D50086CC11 /* Release */ = {
			isa = XCBuildConfiguration;
			buildSettings = {
				ALWAYS_SEARCH_USER_PATHS = NO;
				CLANG_ANALYZER_NONNULL = YES;
				CLANG_ANALYZER_NUMBER_OBJECT_CONVERSION = YES_AGGRESSIVE;
				CLANG_CXX_LANGUAGE_STANDARD = "gnu++14";
				CLANG_CXX_LIBRARY = "libc++";
				CLANG_ENABLE_MODULES = YES;
				CLANG_ENABLE_OBJC_ARC = YES;
				CLANG_ENABLE_OBJC_WEAK = YES;
				CLANG_WARN_BLOCK_CAPTURE_AUTORELEASING = YES;
				CLANG_WARN_BOOL_CONVERSION = YES;
				CLANG_WARN_COMMA = YES;
				CLANG_WARN_CONSTANT_CONVERSION = YES;
				CLANG_WARN_DEPRECATED_OBJC_IMPLEMENTATIONS = YES;
				CLANG_WARN_DIRECT_OBJC_ISA_USAGE = YES_ERROR;
				CLANG_WARN_DOCUMENTATION_COMMENTS = YES;
				CLANG_WARN_EMPTY_BODY = YES;
				CLANG_WARN_ENUM_CONVERSION = YES;
				CLANG_WARN_INFINITE_RECURSION = YES;
				CLANG_WARN_INT_CONVERSION = YES;
				CLANG_WARN_NON_LITERAL_NULL_CONVERSION = YES;
				CLANG_WARN_OBJC_IMPLICIT_RETAIN_SELF = YES;
				CLANG_WARN_OBJC_LITERAL_CONVERSION = YES;
				CLANG_WARN_OBJC_ROOT_CLASS = YES_ERROR;
				CLANG_WARN_QUOTED_INCLUDE_IN_FRAMEWORK_HEADER = YES;
				CLANG_WARN_RANGE_LOOP_ANALYSIS = YES;
				CLANG_WARN_STRICT_PROTOTYPES = YES;
				CLANG_WARN_SUSPICIOUS_MOVE = YES;
				CLANG_WARN_UNGUARDED_AVAILABILITY = YES_AGGRESSIVE;
				CLANG_WARN_UNREACHABLE_CODE = YES;
				CLANG_WARN__DUPLICATE_METHOD_MATCH = YES;
				COPY_PHASE_STRIP = NO;
				DEBUG_INFORMATION_FORMAT = "dwarf-with-dsym";
				ENABLE_NS_ASSERTIONS = NO;
				ENABLE_STRICT_OBJC_MSGSEND = YES;
				GCC_C_LANGUAGE_STANDARD = gnu11;
				GCC_NO_COMMON_BLOCKS = YES;
				GCC_WARN_64_TO_32_BIT_CONVERSION = YES;
				GCC_WARN_ABOUT_RETURN_TYPE = YES_ERROR;
				GCC_WARN_UNDECLARED_SELECTOR = YES;
				GCC_WARN_UNINITIALIZED_AUTOS = YES_AGGRESSIVE;
				GCC_WARN_UNUSED_FUNCTION = YES;
				GCC_WARN_UNUSED_VARIABLE = YES;
				IPHONEOS_DEPLOYMENT_TARGET = 14.4;
				MTL_ENABLE_DEBUG_INFO = NO;
				MTL_FAST_MATH = YES;
				SDKROOT = iphoneos;
				SWIFT_COMPILATION_MODE = wholemodule;
				SWIFT_OPTIMIZATION_LEVEL = "-O";
				VALIDATE_PRODUCT = YES;
			};
			name = Release;
		};
		D643EDE22690A4D50086CC11 /* Debug */ = {
			isa = XCBuildConfiguration;
			buildSettings = {
				ASSETCATALOG_COMPILER_APPICON_NAME = AppIcon;
				ASSETCATALOG_COMPILER_GLOBAL_ACCENT_COLOR_NAME = AccentColor;
				CODE_SIGN_STYLE = Automatic;
				DEVELOPMENT_ASSET_PATHS = "\"SwiftUIPagination/Preview Content\"";
				DEVELOPMENT_TEAM = K6LJCT8RAA;
				ENABLE_PREVIEWS = YES;
				INFOPLIST_FILE = SwiftUIPagination/Info.plist;
				IPHONEOS_DEPLOYMENT_TARGET = 14.0;
				LD_RUNPATH_SEARCH_PATHS = (
					"$(inherited)",
					"@executable_path/Frameworks",
				);
				PRODUCT_BUNDLE_IDENTIFIER = com.SwiftUIPagination;
				PRODUCT_NAME = "$(TARGET_NAME)";
				SWIFT_VERSION = 5.0;
				TARGETED_DEVICE_FAMILY = "1,2";
			};
			name = Debug;
		};
		D643EDE32690A4D50086CC11 /* Release */ = {
			isa = XCBuildConfiguration;
			buildSettings = {
				ASSETCATALOG_COMPILER_APPICON_NAME = AppIcon;
				ASSETCATALOG_COMPILER_GLOBAL_ACCENT_COLOR_NAME = AccentColor;
				CODE_SIGN_STYLE = Automatic;
				DEVELOPMENT_ASSET_PATHS = "\"SwiftUIPagination/Preview Content\"";
				DEVELOPMENT_TEAM = K6LJCT8RAA;
				ENABLE_PREVIEWS = YES;
				INFOPLIST_FILE = SwiftUIPagination/Info.plist;
				IPHONEOS_DEPLOYMENT_TARGET = 14.0;
				LD_RUNPATH_SEARCH_PATHS = (
					"$(inherited)",
					"@executable_path/Frameworks",
				);
				PRODUCT_BUNDLE_IDENTIFIER = com.SwiftUIPagination;
				PRODUCT_NAME = "$(TARGET_NAME)";
				SWIFT_VERSION = 5.0;
				TARGETED_DEVICE_FAMILY = "1,2";
			};
			name = Release;
		};
		D643EDE52690A4D50086CC11 /* Debug */ = {
			isa = XCBuildConfiguration;
			buildSettings = {
				ALWAYS_EMBED_SWIFT_STANDARD_LIBRARIES = YES;
				BUNDLE_LOADER = "$(TEST_HOST)";
				CODE_SIGN_STYLE = Automatic;
				DEVELOPMENT_TEAM = K6LJCT8RAA;
				INFOPLIST_FILE = SwiftUIPaginationTests/Info.plist;
				IPHONEOS_DEPLOYMENT_TARGET = 14.0;
				LD_RUNPATH_SEARCH_PATHS = (
					"$(inherited)",
					"@executable_path/Frameworks",
					"@loader_path/Frameworks",
				);
				PRODUCT_BUNDLE_IDENTIFIER = com.SwiftUIPaginationTests;
				PRODUCT_NAME = "$(TARGET_NAME)";
				SWIFT_VERSION = 5.0;
				TARGETED_DEVICE_FAMILY = "1,2";
				TEST_HOST = "$(BUILT_PRODUCTS_DIR)/SwiftUIPagination.app/SwiftUIPagination";
			};
			name = Debug;
		};
		D643EDE62690A4D50086CC11 /* Release */ = {
			isa = XCBuildConfiguration;
			buildSettings = {
				ALWAYS_EMBED_SWIFT_STANDARD_LIBRARIES = YES;
				BUNDLE_LOADER = "$(TEST_HOST)";
				CODE_SIGN_STYLE = Automatic;
				DEVELOPMENT_TEAM = K6LJCT8RAA;
				INFOPLIST_FILE = SwiftUIPaginationTests/Info.plist;
				IPHONEOS_DEPLOYMENT_TARGET = 14.0;
				LD_RUNPATH_SEARCH_PATHS = (
					"$(inherited)",
					"@executable_path/Frameworks",
					"@loader_path/Frameworks",
				);
				PRODUCT_BUNDLE_IDENTIFIER = com.SwiftUIPaginationTests;
				PRODUCT_NAME = "$(TARGET_NAME)";
				SWIFT_VERSION = 5.0;
				TARGETED_DEVICE_FAMILY = "1,2";
				TEST_HOST = "$(BUILT_PRODUCTS_DIR)/SwiftUIPagination.app/SwiftUIPagination";
			};
			name = Release;
		};
		D643EDE82690A4D50086CC11 /* Debug */ = {
			isa = XCBuildConfiguration;
			buildSettings = {
				ALWAYS_EMBED_SWIFT_STANDARD_LIBRARIES = YES;
				CODE_SIGN_STYLE = Automatic;
				DEVELOPMENT_TEAM = K6LJCT8RAA;
				INFOPLIST_FILE = SwiftUIPaginationUITests/Info.plist;
				LD_RUNPATH_SEARCH_PATHS = (
					"$(inherited)",
					"@executable_path/Frameworks",
					"@loader_path/Frameworks",
				);
				PRODUCT_BUNDLE_IDENTIFIER = com.SwiftUIPaginationUITests;
				PRODUCT_NAME = "$(TARGET_NAME)";
				SWIFT_VERSION = 5.0;
				TARGETED_DEVICE_FAMILY = "1,2";
				TEST_TARGET_NAME = SwiftUIPagination;
			};
			name = Debug;
		};
		D643EDE92690A4D50086CC11 /* Release */ = {
			isa = XCBuildConfiguration;
			buildSettings = {
				ALWAYS_EMBED_SWIFT_STANDARD_LIBRARIES = YES;
				CODE_SIGN_STYLE = Automatic;
				DEVELOPMENT_TEAM = K6LJCT8RAA;
				INFOPLIST_FILE = SwiftUIPaginationUITests/Info.plist;
				LD_RUNPATH_SEARCH_PATHS = (
					"$(inherited)",
					"@executable_path/Frameworks",
					"@loader_path/Frameworks",
				);
				PRODUCT_BUNDLE_IDENTIFIER = com.SwiftUIPaginationUITests;
				PRODUCT_NAME = "$(TARGET_NAME)";
				SWIFT_VERSION = 5.0;
				TARGETED_DEVICE_FAMILY = "1,2";
				TEST_TARGET_NAME = SwiftUIPagination;
			};
			name = Release;
		};
/* End XCBuildConfiguration section */

/* Begin XCConfigurationList section */
		D643EDB72690A4D30086CC11 /* Build configuration list for PBXProject "SwiftUIPagination" */ = {
			isa = XCConfigurationList;
			buildConfigurations = (
				D643EDDF2690A4D50086CC11 /* Debug */,
				D643EDE02690A4D50086CC11 /* Release */,
			);
			defaultConfigurationIsVisible = 0;
			defaultConfigurationName = Release;
		};
		D643EDE12690A4D50086CC11 /* Build configuration list for PBXNativeTarget "SwiftUIPagination" */ = {
			isa = XCConfigurationList;
			buildConfigurations = (
				D643EDE22690A4D50086CC11 /* Debug */,
				D643EDE32690A4D50086CC11 /* Release */,
			);
			defaultConfigurationIsVisible = 0;
			defaultConfigurationName = Release;
		};
		D643EDE42690A4D50086CC11 /* Build configuration list for PBXNativeTarget "SwiftUIPaginationTests" */ = {
			isa = XCConfigurationList;
			buildConfigurations = (
				D643EDE52690A4D50086CC11 /* Debug */,
				D643EDE62690A4D50086CC11 /* Release */,
			);
			defaultConfigurationIsVisible = 0;
			defaultConfigurationName = Release;
		};
		D643EDE72690A4D50086CC11 /* Build configuration list for PBXNativeTarget "SwiftUIPaginationUITests" */ = {
			isa = XCConfigurationList;
			buildConfigurations = (
				D643EDE82690A4D50086CC11 /* Debug */,
				D643EDE92690A4D50086CC11 /* Release */,
			);
			defaultConfigurationIsVisible = 0;
			defaultConfigurationName = Release;
		};
/* End XCConfigurationList section */
	};
	rootObject = D643EDB42690A4D30086CC11 /* Project object */;
}
